
Microsoft Visual Studio Solution File, Format Version 12.00
# Visual Studio Version 17
VisualStudioVersion = 17.1.32414.318
MinimumVisualStudioVersion = 10.0.40219.1
Project("{9A19103F-16F7-4668-BE54-9A1E7A4F7556}") = "PetStore.Infrastructure", "PetStore.Models\PetStore.Infrastructure.csproj", "{40C6C6AD-E6E4-4143-92D0-A68C0BE7A61B}"
EndProject
Project("{9A19103F-16F7-4668-BE54-9A1E7A4F7556}") = "PetStore.Common", "PetStore.Common\PetStore.Common.csproj", "{45382133-DBC0-4C6C-BF83-DFD59A4FBEB7}"
EndProject
Global
	GlobalSection(SolutionConfigurationPlatforms) = preSolution
		Debug|Any CPU = Debug|Any CPU
		Release|Any CPU = Release|Any CPU
	EndGlobalSection
	GlobalSection(ProjectConfigurationPlatforms) = postSolution
		{40C6C6AD-E6E4-4143-92D0-A68C0BE7A61B}.Debug|Any CPU.ActiveCfg = Debug|Any CPU
		{40C6C6AD-E6E4-4143-92D0-A68C0BE7A61B}.Debug|Any CPU.Build.0 = Debug|Any CPU
		{40C6C6AD-E6E4-4143-92D0-A68C0BE7A61B}.Release|Any CPU.ActiveCfg = Release|Any CPU
		{40C6C6AD-E6E4-4143-92D0-A68C0BE7A61B}.Release|Any CPU.Build.0 = Release|Any CPU
		{45382133-DBC0-4C6C-BF83-DFD59A4FBEB7}.Debug|Any CPU.ActiveCfg = Debug|Any CPU
		{45382133-DBC0-4C6C-BF83-DFD59A4FBEB7}.Debug|Any CPU.Build.0 = Debug|Any CPU
		{45382133-DBC0-4C6C-BF83-DFD59A4FBEB7}.Release|Any CPU.ActiveCfg = Release|Any CPU
		{45382133-DBC0-4C6C-BF83-DFD59A4FBEB7}.Release|Any CPU.Build.0 = Release|Any CPU
	EndGlobalSection
	GlobalSection(SolutionProperties) = preSolution
		HideSolutionNode = FALSE
	EndGlobalSection
	GlobalSection(ExtensibilityGlobals) = postSolution
		SolutionGuid = {BCD32CC9-833E-4EA9-85D9-FABBA00734E0}
	EndGlobalSection
EndGlobal
